
Microsoft Visual Studio Solution File, Format Version 12.00
# Visual Studio Version 17
VisualStudioVersion = 17.10.35122.118
MinimumVisualStudioVersion = 10.0.40219.1
Project("{FAE04EC0-301F-11D3-BF4B-00C04F79EFBC}") = "Actividad2", "Actividad2\Actividad2.csproj", "{F6F9CB4E-BFB9-467D-9BF5-3CEE3765282C}"
EndProject
Global
	GlobalSection(SolutionConfigurationPlatforms) = preSolution
		Debug|Any CPU = Debug|Any CPU
		Release|Any CPU = Release|Any CPU
	EndGlobalSection
	GlobalSection(ProjectConfigurationPlatforms) = postSolution
		{F6F9CB4E-BFB9-467D-9BF5-3CEE3765282C}.Debug|Any CPU.ActiveCfg = Debug|Any CPU
		{F6F9CB4E-BFB9-467D-9BF5-3CEE3765282C}.Debug|Any CPU.Build.0 = Debug|Any CPU
		{F6F9CB4E-BFB9-467D-9BF5-3CEE3765282C}.Release|Any CPU.ActiveCfg = Release|Any CPU
		{F6F9CB4E-BFB9-467D-9BF5-3CEE3765282C}.Release|Any CPU.Build.0 = Release|Any CPU
	EndGlobalSection
	GlobalSection(SolutionProperties) = preSolution
		HideSolutionNode = FALSE
	EndGlobalSection
	GlobalSection(ExtensibilityGlobals) = postSolution
		SolutionGuid = {D48582D2-D603-4AC4-8BA5-C3528CD0A335}
	EndGlobalSection
EndGlobal
